// !$*UTF8*$!
{
	archiveVersion = 1;
	classes = {
	};
	objectVersion = 56;
	objects = {

/* Begin PBXBuildFile section */
		41B7A9422AC50028003D83D2 /* AppDelegate.swift in Sources */ = {isa = PBXBuildFile; fileRef = 41B7A9412AC50028003D83D2 /* AppDelegate.swift */; };
		41B7A9442AC50028003D83D2 /* SceneDelegate.swift in Sources */ = {isa = PBXBuildFile; fileRef = 41B7A9432AC50028003D83D2 /* SceneDelegate.swift */; };
		41B7A9462AC50028003D83D2 /* ViewController.swift in Sources */ = {isa = PBXBuildFile; fileRef = 41B7A9452AC50028003D83D2 /* ViewController.swift */; };
		41B7A9492AC50028003D83D2 /* Main.storyboard in Resources */ = {isa = PBXBuildFile; fileRef = 41B7A9472AC50028003D83D2 /* Main.storyboard */; };
		41B7A94B2AC5002A003D83D2 /* Assets.xcassets in Resources */ = {isa = PBXBuildFile; fileRef = 41B7A94A2AC5002A003D83D2 /* Assets.xcassets */; };
		41B7A94E2AC5002A003D83D2 /* LaunchScreen.storyboard in Resources */ = {isa = PBXBuildFile; fileRef = 41B7A94C2AC5002A003D83D2 /* LaunchScreen.storyboard */; };
		41B7A9562AC50304003D83D2 /* Cliente.swift in Sources */ = {isa = PBXBuildFile; fileRef = 41B7A9552AC50304003D83D2 /* Cliente.swift */; };
		41B7A9582AC5049C003D83D2 /* ItemTableViewCell.swift in Sources */ = {isa = PBXBuildFile; fileRef = 41B7A9572AC5049C003D83D2 /* ItemTableViewCell.swift */; };
		41B7A95C2AC516A8003D83D2 /* DatosViewController.swift in Sources */ = {isa = PBXBuildFile; fileRef = 41B7A95B2AC516A8003D83D2 /* DatosViewController.swift */; };
		41B92BBC2ACDE9C800FB17C8 /* NuevoViewController.swift in Sources */ = {isa = PBXBuildFile; fileRef = 41B92BBB2ACDE9C800FB17C8 /* NuevoViewController.swift */; };
		41B92C052ACDFFF200FB17C8 /* ConsorcioModel.xcdatamodeld in Sources */ = {isa = PBXBuildFile; fileRef = 41B92C032ACDFFF200FB17C8 /* ConsorcioModel.xcdatamodeld */; };
		41B92C072ACE028E00FB17C8 /* ClienteController.swift in Sources */ = {isa = PBXBuildFile; fileRef = 41B92C062ACE028E00FB17C8 /* ClienteController.swift */; };
/* End PBXBuildFile section */

/* Begin PBXFileReference section */
		41B7A93E2AC50028003D83D2 /* AppTables.app */ = {isa = PBXFileReference; explicitFileType = wrapper.application; includeInIndex = 0; path = AppTables.app; sourceTree = BUILT_PRODUCTS_DIR; };
		41B7A9412AC50028003D83D2 /* AppDelegate.swift */ = {isa = PBXFileReference; lastKnownFileType = sourcecode.swift; path = AppDelegate.swift; sourceTree = "<group>"; };
		41B7A9432AC50028003D83D2 /* SceneDelegate.swift */ = {isa = PBXFileReference; lastKnownFileType = sourcecode.swift; path = SceneDelegate.swift; sourceTree = "<group>"; };
		41B7A9452AC50028003D83D2 /* ViewController.swift */ = {isa = PBXFileReference; lastKnownFileType = sourcecode.swift; path = ViewController.swift; sourceTree = "<group>"; };
		41B7A9482AC50028003D83D2 /* Base */ = {isa = PBXFileReference; lastKnownFileType = file.storyboard; name = Base; path = Base.lproj/Main.storyboard; sourceTree = "<group>"; };
		41B7A94A2AC5002A003D83D2 /* Assets.xcassets */ = {isa = PBXFileReference; lastKnownFileType = folder.assetcatalog; path = Assets.xcassets; sourceTree = "<group>"; };
		41B7A94D2AC5002A003D83D2 /* Base */ = {isa = PBXFileReference; lastKnownFileType = file.storyboard; name = Base; path = Base.lproj/LaunchScreen.storyboard; sourceTree = "<group>"; };
		41B7A94F2AC5002A003D83D2 /* Info.plist */ = {isa = PBXFileReference; lastKnownFileType = text.plist.xml; path = Info.plist; sourceTree = "<group>"; };
		41B7A9552AC50304003D83D2 /* Cliente.swift */ = {isa = PBXFileReference; lastKnownFileType = sourcecode.swift; path = Cliente.swift; sourceTree = "<group>"; };
		41B7A9572AC5049C003D83D2 /* ItemTableViewCell.swift */ = {isa = PBXFileReference; lastKnownFileType = sourcecode.swift; path = ItemTableViewCell.swift; sourceTree = SOURCE_ROOT; };
		41B7A95B2AC516A8003D83D2 /* DatosViewController.swift */ = {isa = PBXFileReference; lastKnownFileType = sourcecode.swift; path = DatosViewController.swift; sourceTree = SOURCE_ROOT; };
		41B92BBB2ACDE9C800FB17C8 /* NuevoViewController.swift */ = {isa = PBXFileReference; lastKnownFileType = sourcecode.swift; path = NuevoViewController.swift; sourceTree = "<group>"; };
		41B92C042ACDFFF200FB17C8 /* ConsorcioModel.xcdatamodel */ = {isa = PBXFileReference; lastKnownFileType = wrapper.xcdatamodel; path = ConsorcioModel.xcdatamodel; sourceTree = "<group>"; };
		41B92C062ACE028E00FB17C8 /* ClienteController.swift */ = {isa = PBXFileReference; lastKnownFileType = sourcecode.swift; path = ClienteController.swift; sourceTree = "<group>"; };
/* End PBXFileReference section */

/* Begin PBXFrameworksBuildPhase section */
		41B7A93B2AC50028003D83D2 /* Frameworks */ = {
			isa = PBXFrameworksBuildPhase;
			buildActionMask = 2147483647;
			files = (
			);
			runOnlyForDeploymentPostprocessing = 0;
		};
/* End PBXFrameworksBuildPhase section */

/* Begin PBXGroup section */
		41B7A9352AC50028003D83D2 = {
			isa = PBXGroup;
			children = (
				41B7A9402AC50028003D83D2 /* AppTables */,
				41B7A93F2AC50028003D83D2 /* Products */,
			);
			sourceTree = "<group>";
		};
		41B7A93F2AC50028003D83D2 /* Products */ = {
			isa = PBXGroup;
			children = (
				41B7A93E2AC50028003D83D2 /* AppTables.app */,
			);
			name = Products;
			sourceTree = "<group>";
		};
		41B7A9402AC50028003D83D2 /* AppTables */ = {
			isa = PBXGroup;
			children = (
				41B7A9412AC50028003D83D2 /* AppDelegate.swift */,
				41B7A9432AC50028003D83D2 /* SceneDelegate.swift */,
				41B7A9452AC50028003D83D2 /* ViewController.swift */,
				41B7A9472AC50028003D83D2 /* Main.storyboard */,
				41B7A94A2AC5002A003D83D2 /* Assets.xcassets */,
				41B7A94C2AC5002A003D83D2 /* LaunchScreen.storyboard */,
				41B7A94F2AC5002A003D83D2 /* Info.plist */,
				41B7A9552AC50304003D83D2 /* Cliente.swift */,
				41B7A9572AC5049C003D83D2 /* ItemTableViewCell.swift */,
				41B7A95B2AC516A8003D83D2 /* DatosViewController.swift */,
				41B92BBB2ACDE9C800FB17C8 /* NuevoViewController.swift */,
				41B92C032ACDFFF200FB17C8 /* ConsorcioModel.xcdatamodeld */,
				41B92C062ACE028E00FB17C8 /* ClienteController.swift */,
			);
			path = AppTables;
			sourceTree = "<group>";
		};
/* End PBXGroup section */

/* Begin PBXNativeTarget section */
		41B7A93D2AC50028003D83D2 /* AppTables */ = {
			isa = PBXNativeTarget;
			buildConfigurationList = 41B7A9522AC5002A003D83D2 /* Build configuration list for PBXNativeTarget "AppTables" */;
			buildPhases = (
				41B7A93A2AC50028003D83D2 /* Sources */,
				41B7A93B2AC50028003D83D2 /* Frameworks */,
				41B7A93C2AC50028003D83D2 /* Resources */,
			);
			buildRules = (
			);
			dependencies = (
			);
			name = AppTables;
			productName = AppTables;
			productReference = 41B7A93E2AC50028003D83D2 /* AppTables.app */;
			productType = "com.apple.product-type.application";
		};
/* End PBXNativeTarget section */

/* Begin PBXProject section */
		41B7A9362AC50028003D83D2 /* Project object */ = {
			isa = PBXProject;
			attributes = {
				BuildIndependentTargetsInParallel = 1;
				LastSwiftUpdateCheck = 1430;
				LastUpgradeCheck = 1430;
				TargetAttributes = {
					41B7A93D2AC50028003D83D2 = {
						CreatedOnToolsVersion = 14.3.1;
					};
				};
			};
			buildConfigurationList = 41B7A9392AC50028003D83D2 /* Build configuration list for PBXProject "AppTables" */;
			compatibilityVersion = "Xcode 14.0";
			developmentRegion = en;
			hasScannedForEncodings = 0;
			knownRegions = (
				en,
				Base,
			);
			mainGroup = 41B7A9352AC50028003D83D2;
			productRefGroup = 41B7A93F2AC50028003D83D2 /* Products */;
			projectDirPath = "";
			projectRoot = "";
			targets = (
				41B7A93D2AC50028003D83D2 /* AppTables */,
			);
		};
/* End PBXProject section */

/* Begin PBXResourcesBuildPhase section */
		41B7A93C2AC50028003D83D2 /* Resources */ = {
			isa = PBXResourcesBuildPhase;
			buildActionMask = 2147483647;
			files = (
				41B7A94E2AC5002A003D83D2 /* LaunchScreen.storyboard in Resources */,
				41B7A94B2AC5002A003D83D2 /* Assets.xcassets in Resources */,
				41B7A9492AC50028003D83D2 /* Main.storyboard in Resources */,
			);
			runOnlyForDeploymentPostprocessing = 0;
		};
/* End PBXResourcesBuildPhase section */

/* Begin PBXSourcesBuildPhase section */
		41B7A93A2AC50028003D83D2 /* Sources */ = {
			isa = PBXSourcesBuildPhase;
			buildActionMask = 2147483647;
			files = (
				41B7A95C2AC516A8003D83D2 /* DatosViewController.swift in Sources */,
				41B7A9562AC50304003D83D2 /* Cliente.swift in Sources */,
				41B92BBC2ACDE9C800FB17C8 /* NuevoViewController.swift in Sources */,
				41B92C052ACDFFF200FB17C8 /* ConsorcioModel.xcdatamodeld in Sources */,
				41B7A9462AC50028003D83D2 /* ViewController.swift in Sources */,
				41B7A9582AC5049C003D83D2 /* ItemTableViewCell.swift in Sources */,
				41B7A9422AC50028003D83D2 /* AppDelegate.swift in Sources */,
				41B92C072ACE028E00FB17C8 /* ClienteController.swift in Sources */,
				41B7A9442AC50028003D83D2 /* SceneDelegate.swift in Sources */,
			);
			runOnlyForDeploymentPostprocessing = 0;
		};
/* End PBXSourcesBuildPhase section */

/* Begin PBXVariantGroup section */
		41B7A9472AC50028003D83D2 /* Main.storyboard */ = {
			isa = PBXVariantGroup;
			children = (
				41B7A9482AC50028003D83D2 /* Base */,
			);
			name = Main.storyboard;
			sourceTree = "<group>";
		};
		41B7A94C2AC5002A003D83D2 /* LaunchScreen.storyboard */ = {
			isa = PBXVariantGroup;
			children = (
				41B7A94D2AC5002A003D83D2 /* Base */,
			);
			name = LaunchScreen.storyboard;
			sourceTree = "<group>";
		};
/* End PBXVariantGroup section */

/* Begin XCBuildConfiguration section */
		41B7A9502AC5002A003D83D2 /* Debug */ = {
			isa = XCBuildConfiguration;
			buildSettings = {
				ALWAYS_SEARCH_USER_PATHS = NO;
				CLANG_ANALYZER_NONNULL = YES;
				CLANG_ANALYZER_NUMBER_OBJECT_CONVERSION = YES_AGGRESSIVE;
				CLANG_CXX_LANGUAGE_STANDARD = "gnu++20";
				CLANG_ENABLE_MODULES = YES;
				CLANG_ENABLE_OBJC_ARC = YES;
				CLANG_ENABLE_OBJC_WEAK = YES;
				CLANG_WARN_BLOCK_CAPTURE_AUTORELEASING = YES;
				CLANG_WARN_BOOL_CONVERSION = YES;
				CLANG_WARN_COMMA = YES;
				CLANG_WARN_CONSTANT_CONVERSION = YES;
				CLANG_WARN_DEPRECATED_OBJC_IMPLEMENTATIONS = YES;
				CLANG_WARN_DIRECT_OBJC_ISA_USAGE = YES_ERROR;
				CLANG_WARN_DOCUMENTATION_COMMENTS = YES;
				CLANG_WARN_EMPTY_BODY = YES;
				CLANG_WARN_ENUM_CONVERSION = YES;
				CLANG_WARN_INFINITE_RECURSION = YES;
				CLANG_WARN_INT_CONVERSION = YES;
				CLANG_WARN_NON_LITERAL_NULL_CONVERSION = YES;
				CLANG_WARN_OBJC_IMPLICIT_RETAIN_SELF = YES;
				CLANG_WARN_OBJC_LITERAL_CONVERSION = YES;
				CLANG_WARN_OBJC_ROOT_CLASS = YES_ERROR;
				CLANG_WARN_QUOTED_INCLUDE_IN_FRAMEWORK_HEADER = YES;
				CLANG_WARN_RANGE_LOOP_ANALYSIS = YES;
				CLANG_WARN_STRICT_PROTOTYPES = YES;
				CLANG_WARN_SUSPICIOUS_MOVE = YES;
				CLANG_WARN_UNGUARDED_AVAILABILITY = YES_AGGRESSIVE;
				CLANG_WARN_UNREACHABLE_CODE = YES;
				CLANG_WARN__DUPLICATE_METHOD_MATCH = YES;
				COPY_PHASE_STRIP = NO;
				DEBUG_INFORMATION_FORMAT = dwarf;
				ENABLE_STRICT_OBJC_MSGSEND = YES;
				ENABLE_TESTABILITY = YES;
				GCC_C_LANGUAGE_STANDARD = gnu11;
				GCC_DYNAMIC_NO_PIC = NO;
				GCC_NO_COMMON_BLOCKS = YES;
				GCC_OPTIMIZATION_LEVEL = 0;
				GCC_PREPROCESSOR_DEFINITIONS = (
					"DEBUG=1",
					"$(inherited)",
				);
				GCC_WARN_64_TO_32_BIT_CONVERSION = YES;
				GCC_WARN_ABOUT_RETURN_TYPE = YES_ERROR;
				GCC_WARN_UNDECLARED_SELECTOR = YES;
				GCC_WARN_UNINITIALIZED_AUTOS = YES_AGGRESSIVE;
				GCC_WARN_UNUSED_FUNCTION = YES;
				GCC_WARN_UNUSED_VARIABLE = YES;
				IPHONEOS_DEPLOYMENT_TARGET = 16.4;
				MTL_ENABLE_DEBUG_INFO = INCLUDE_SOURCE;
				MTL_FAST_MATH = YES;
				ONLY_ACTIVE_ARCH = YES;
				SDKROOT = iphoneos;
				SWIFT_ACTIVE_COMPILATION_CONDITIONS = DEBUG;
				SWIFT_OPTIMIZATION_LEVEL = "-Onone";
			};
			name = Debug;
		};
		41B7A9512AC5002A003D83D2 /* Release */ = {
			isa = XCBuildConfiguration;
			buildSettings = {
				ALWAYS_SEARCH_USER_PATHS = NO;
				CLANG_ANALYZER_NONNULL = YES;
				CLANG_ANALYZER_NUMBER_OBJECT_CONVERSION = YES_AGGRESSIVE;
				CLANG_CXX_LANGUAGE_STANDARD = "gnu++20";
				CLANG_ENABLE_MODULES = YES;
				CLANG_ENABLE_OBJC_ARC = YES;
				CLANG_ENABLE_OBJC_WEAK = YES;
				CLANG_WARN_BLOCK_CAPTURE_AUTORELEASING = YES;
				CLANG_WARN_BOOL_CONVERSION = YES;
				CLANG_WARN_COMMA = YES;
				CLANG_WARN_CONSTANT_CONVERSION = YES;
				CLANG_WARN_DEPRECATED_OBJC_IMPLEMENTATIONS = YES;
				CLANG_WARN_DIRECT_OBJC_ISA_USAGE = YES_ERROR;
				CLANG_WARN_DOCUMENTATION_COMMENTS = YES;
				CLANG_WARN_EMPTY_BODY = YES;
				CLANG_WARN_ENUM_CONVERSION = YES;
				CLANG_WARN_INFINITE_RECURSION = YES;
				CLANG_WARN_INT_CONVERSION = YES;
				CLANG_WARN_NON_LITERAL_NULL_CONVERSION = YES;
				CLANG_WARN_OBJC_IMPLICIT_RETAIN_SELF = YES;
				CLANG_WARN_OBJC_LITERAL_CONVERSION = YES;
				CLANG_WARN_OBJC_ROOT_CLASS = YES_ERROR;
				CLANG_WARN_QUOTED_INCLUDE_IN_FRAMEWORK_HEADER = YES;
				CLANG_WARN_RANGE_LOOP_ANALYSIS = YES;
				CLANG_WARN_STRICT_PROTOTYPES = YES;
				CLANG_WARN_SUSPICIOUS_MOVE = YES;
				CLANG_WARN_UNGUARDED_AVAILABILITY = YES_AGGRESSIVE;
				CLANG_WARN_UNREACHABLE_CODE = YES;
				CLANG_WARN__DUPLICATE_METHOD_MATCH = YES;
				COPY_PHASE_STRIP = NO;
				DEBUG_INFORMATION_FORMAT = "dwarf-with-dsym";
				ENABLE_NS_ASSERTIONS = NO;
				ENABLE_STRICT_OBJC_MSGSEND = YES;
				GCC_C_LANGUAGE_STANDARD = gnu11;
				GCC_NO_COMMON_BLOCKS = YES;
				GCC_WARN_64_TO_32_BIT_CONVERSION = YES;
				GCC_WARN_ABOUT_RETURN_TYPE = YES_ERROR;
				GCC_WARN_UNDECLARED_SELECTOR = YES;
				GCC_WARN_UNINITIALIZED_AUTOS = YES_AGGRESSIVE;
				GCC_WARN_UNUSED_FUNCTION = YES;
				GCC_WARN_UNUSED_VARIABLE = YES;
				IPHONEOS_DEPLOYMENT_TARGET = 16.4;
				MTL_ENABLE_DEBUG_INFO = NO;
				MTL_FAST_MATH = YES;
				SDKROOT = iphoneos;
				SWIFT_COMPILATION_MODE = wholemodule;
				SWIFT_OPTIMIZATION_LEVEL = "-O";
				VALIDATE_PRODUCT = YES;
			};
			name = Release;
		};
		41B7A9532AC5002A003D83D2 /* Debug */ = {
			isa = XCBuildConfiguration;
			buildSettings = {
				ASSETCATALOG_COMPILER_APPICON_NAME = AppIcon;
				ASSETCATALOG_COMPILER_GLOBAL_ACCENT_COLOR_NAME = AccentColor;
				CODE_SIGN_STYLE = Automatic;
				CURRENT_PROJECT_VERSION = 1;
				GENERATE_INFOPLIST_FILE = YES;
				INFOPLIST_FILE = AppTables/Info.plist;
				INFOPLIST_KEY_UIApplicationSupportsIndirectInputEvents = YES;
				INFOPLIST_KEY_UILaunchStoryboardName = LaunchScreen;
				INFOPLIST_KEY_UIMainStoryboardFile = Main;
				INFOPLIST_KEY_UISupportedInterfaceOrientations_iPad = "UIInterfaceOrientationPortrait UIInterfaceOrientationPortraitUpsideDown UIInterfaceOrientationLandscapeLeft UIInterfaceOrientationLandscapeRight";
				INFOPLIST_KEY_UISupportedInterfaceOrientations_iPhone = "UIInterfaceOrientationPortrait UIInterfaceOrientationLandscapeLeft UIInterfaceOrientationLandscapeRight";
				LD_RUNPATH_SEARCH_PATHS = (
					"$(inherited)",
					"@executable_path/Frameworks",
				);
				MARKETING_VERSION = 1.0;
				PRODUCT_BUNDLE_IDENTIFIER = cibertec.edu.pe.AppTables;
				PRODUCT_NAME = "$(TARGET_NAME)";
				SWIFT_EMIT_LOC_STRINGS = YES;
				SWIFT_VERSION = 5.0;
				TARGETED_DEVICE_FAMILY = "1,2";
			};
			name = Debug;
		};
		41B7A9542AC5002A003D83D2 /* Release */ = {
			isa = XCBuildConfiguration;
			buildSettings = {
				ASSETCATALOG_COMPILER_APPICON_NAME = AppIcon;
				ASSETCATALOG_COMPILER_GLOBAL_ACCENT_COLOR_NAME = AccentColor;
				CODE_SIGN_STYLE = Automatic;
				CURRENT_PROJECT_VERSION = 1;
				GENERATE_INFOPLIST_FILE = YES;
				INFOPLIST_FILE = AppTables/Info.plist;
				INFOPLIST_KEY_UIApplicationSupportsIndirectInputEvents = YES;
				INFOPLIST_KEY_UILaunchStoryboardName = LaunchScreen;
				INFOPLIST_KEY_UIMainStoryboardFile = Main;
				INFOPLIST_KEY_UISupportedInterfaceOrientations_iPad = "UIInterfaceOrientationPortrait UIInterfaceOrientationPortraitUpsideDown UIInterfaceOrientationLandscapeLeft UIInterfaceOrientationLandscapeRight";
				INFOPLIST_KEY_UISupportedInterfaceOrientations_iPhone = "UIInterfaceOrientationPortrait UIInterfaceOrientationLandscapeLeft UIInterfaceOrientationLandscapeRight";
				LD_RUNPATH_SEARCH_PATHS = (
					"$(inherited)",
					"@executable_path/Frameworks",
				);
				MARKETING_VERSION = 1.0;
				PRODUCT_BUNDLE_IDENTIFIER = cibertec.edu.pe.AppTables;
				PRODUCT_NAME = "$(TARGET_NAME)";
				SWIFT_EMIT_LOC_STRINGS = YES;
				SWIFT_VERSION = 5.0;
				TARGETED_DEVICE_FAMILY = "1,2";
			};
			name = Release;
		};
/* End XCBuildConfiguration section */

/* Begin XCConfigurationList section */
		41B7A9392AC50028003D83D2 /* Build configuration list for PBXProject "AppTables" */ = {
			isa = XCConfigurationList;
			buildConfigurations = (
				41B7A9502AC5002A003D83D2 /* Debug */,
				41B7A9512AC5002A003D83D2 /* Release */,
			);
			defaultConfigurationIsVisible = 0;
			defaultConfigurationName = Release;
		};
		41B7A9522AC5002A003D83D2 /* Build configuration list for PBXNativeTarget "AppTables" */ = {
			isa = XCConfigurationList;
			buildConfigurations = (
				41B7A9532AC5002A003D83D2 /* Debug */,
				41B7A9542AC5002A003D83D2 /* Release */,
			);
			defaultConfigurationIsVisible = 0;
			defaultConfigurationName = Release;
		};
/* End XCConfigurationList section */

/* Begin XCVersionGroup section */
		41B92C032ACDFFF200FB17C8 /* ConsorcioModel.xcdatamodeld */ = {
			isa = XCVersionGroup;
			children = (
				41B92C042ACDFFF200FB17C8 /* ConsorcioModel.xcdatamodel */,
			);
			currentVersion = 41B92C042ACDFFF200FB17C8 /* ConsorcioModel.xcdatamodel */;
			path = ConsorcioModel.xcdatamodeld;
			sourceTree = "<group>";
			versionGroupType = wrapper.xcdatamodel;
		};
/* End XCVersionGroup section */
	};
	rootObject = 41B7A9362AC50028003D83D2 /* Project object */;
}
